<?xml version="1.0" encoding="UTF-8" standalone="yes" ?>
<CodeBlocks_project_file>
   <FileVersion major="1" minor="6" />
   <Project>
      <Option title="projector_tracker" />
      <Option makefile_is_custom="1" />
      <Option compiler="gcc" />
      <Option virtualFolders="CMake Files\;CMake Files\..\;CMake Files\..\..\;CMake Files\..\..\..\;CMake Files\..\..\..\usr\;CMake Files\..\..\..\usr\local\;CMake Files\..\..\..\usr\local\share\;CMake Files\..\..\..\usr\local\share\OpenCV\;" />
      <Build>
      <Target title="all">
         <Option working_dir="/home/duy/projector_tracker/release" />
         <Option type="4" />
         <MakeCommands>
            <Build command="/usr/bin/make -f &quot;/home/duy/projector_tracker/release/Makefile&quot;  VERBOSE=1 all" />
            <CompileFile command="/usr/bin/make -f &quot;/home/duy/projector_tracker/release/Makefile&quot;  VERBOSE=1 &quot;$file&quot;" />
            <Clean command="/usr/bin/make -f &quot;/home/duy/projector_tracker/release/Makefile&quot;  VERBOSE=1 clean" />
            <DistClean command="/usr/bin/make -f &quot;/home/duy/projector_tracker/release/Makefile&quot;  VERBOSE=1 clean" />
         </MakeCommands>
      </Target>
      <Target title="hw_interface">
         <Option output="/home/duy/projector_tracker/release/libhw_interface.a" prefix_auto="0" extension_auto="0" />
         <Option working_dir="/home/duy/projector_tracker/release" />
         <Option object_output="./" />
         <Option type="2" />
         <Option compiler="gcc" />
         <Compiler>
            <Add option="-DQT_NO_DEBUG" />
            <Add option="-DQT_GUI_LIB" />
            <Add option="-DQT_CORE_LIB" />
            <Add directory="/home/duy/projector_tracker/include" />
            <Add directory="/usr/include/qt4" />
            <Add directory="/usr/include/qt4/QtCore" />
            <Add directory="/usr/include/qt4/QtGui" />
            <Add directory="/usr/local/include" />
            <Add directory="/usr/local/include/opencv" />
         </Compiler>
         <MakeCommands>
            <Build command="/usr/bin/make -f &quot;/home/duy/projector_tracker/release/Makefile&quot;  VERBOSE=1 hw_interface" />
            <CompileFile command="/usr/bin/make -f &quot;/home/duy/projector_tracker/release/Makefile&quot;  VERBOSE=1 &quot;$file&quot;" />
            <Clean command="/usr/bin/make -f &quot;/home/duy/projector_tracker/release/Makefile&quot;  VERBOSE=1 clean" />
            <DistClean command="/usr/bin/make -f &quot;/home/duy/projector_tracker/release/Makefile&quot;  VERBOSE=1 clean" />
         </MakeCommands>
      </Target>
      <Target title="hw_interface/fast">
         <Option output="/home/duy/projector_tracker/release/libhw_interface.a" prefix_auto="0" extension_auto="0" />
         <Option working_dir="/home/duy/projector_tracker/release" />
         <Option object_output="./" />
         <Option type="2" />
         <Option compiler="gcc" />
         <Compiler>
            <Add option="-DQT_NO_DEBUG" />
            <Add option="-DQT_GUI_LIB" />
            <Add option="-DQT_CORE_LIB" />
            <Add directory="/home/duy/projector_tracker/include" />
            <Add directory="/usr/include/qt4" />
            <Add directory="/usr/include/qt4/QtCore" />
            <Add directory="/usr/include/qt4/QtGui" />
            <Add directory="/usr/local/include" />
            <Add directory="/usr/local/include/opencv" />
         </Compiler>
         <MakeCommands>
            <Build command="/usr/bin/make -f &quot;/home/duy/projector_tracker/release/Makefile&quot;  VERBOSE=1 hw_interface/fast" />
            <CompileFile command="/usr/bin/make -f &quot;/home/duy/projector_tracker/release/Makefile&quot;  VERBOSE=1 &quot;$file&quot;" />
            <Clean command="/usr/bin/make -f &quot;/home/duy/projector_tracker/release/Makefile&quot;  VERBOSE=1 clean" />
            <DistClean command="/usr/bin/make -f &quot;/home/duy/projector_tracker/release/Makefile&quot;  VERBOSE=1 clean" />
         </MakeCommands>
      </Target>
      <Target title="projector_tracker">
         <Option output="/home/duy/projector_tracker/release/libprojector_tracker.a" prefix_auto="0" extension_auto="0" />
         <Option working_dir="/home/duy/projector_tracker/release" />
         <Option object_output="./" />
         <Option type="2" />
         <Option compiler="gcc" />
         <Compiler>
            <Add option="-DQT_NO_DEBUG" />
            <Add option="-DQT_GUI_LIB" />
            <Add option="-DQT_CORE_LIB" />
            <Add directory="/home/duy/projector_tracker/include" />
            <Add directory="/usr/include/qt4" />
            <Add directory="/usr/include/qt4/QtCore" />
            <Add directory="/usr/include/qt4/QtGui" />
            <Add directory="/usr/local/include" />
            <Add directory="/usr/local/include/opencv" />
         </Compiler>
         <MakeCommands>
            <Build command="/usr/bin/make -f &quot;/home/duy/projector_tracker/release/Makefile&quot;  VERBOSE=1 projector_tracker" />
            <CompileFile command="/usr/bin/make -f &quot;/home/duy/projector_tracker/release/Makefile&quot;  VERBOSE=1 &quot;$file&quot;" />
            <Clean command="/usr/bin/make -f &quot;/home/duy/projector_tracker/release/Makefile&quot;  VERBOSE=1 clean" />
            <DistClean command="/usr/bin/make -f &quot;/home/duy/projector_tracker/release/Makefile&quot;  VERBOSE=1 clean" />
         </MakeCommands>
      </Target>
      <Target title="projector_tracker/fast">
         <Option output="/home/duy/projector_tracker/release/libprojector_tracker.a" prefix_auto="0" extension_auto="0" />
         <Option working_dir="/home/duy/projector_tracker/release" />
         <Option object_output="./" />
         <Option type="2" />
         <Option compiler="gcc" />
         <Compiler>
            <Add option="-DQT_NO_DEBUG" />
            <Add option="-DQT_GUI_LIB" />
            <Add option="-DQT_CORE_LIB" />
            <Add directory="/home/duy/projector_tracker/include" />
            <Add directory="/usr/include/qt4" />
            <Add directory="/usr/include/qt4/QtCore" />
            <Add directory="/usr/include/qt4/QtGui" />
            <Add directory="/usr/local/include" />
            <Add directory="/usr/local/include/opencv" />
         </Compiler>
         <MakeCommands>
            <Build command="/usr/bin/make -f &quot;/home/duy/projector_tracker/release/Makefile&quot;  VERBOSE=1 projector_tracker/fast" />
            <CompileFile command="/usr/bin/make -f &quot;/home/duy/projector_tracker/release/Makefile&quot;  VERBOSE=1 &quot;$file&quot;" />
            <Clean command="/usr/bin/make -f &quot;/home/duy/projector_tracker/release/Makefile&quot;  VERBOSE=1 clean" />
            <DistClean command="/usr/bin/make -f &quot;/home/duy/projector_tracker/release/Makefile&quot;  VERBOSE=1 clean" />
         </MakeCommands>
      </Target>
      <Target title="rebuild_cache">
         <Option working_dir="/home/duy/projector_tracker/release" />
         <Option type="4" />
         <MakeCommands>
            <Build command="/usr/bin/make -f &quot;/home/duy/projector_tracker/release/Makefile&quot;  VERBOSE=1 rebuild_cache" />
            <CompileFile command="/usr/bin/make -f &quot;/home/duy/projector_tracker/release/Makefile&quot;  VERBOSE=1 &quot;$file&quot;" />
            <Clean command="/usr/bin/make -f &quot;/home/duy/projector_tracker/release/Makefile&quot;  VERBOSE=1 clean" />
            <DistClean command="/usr/bin/make -f &quot;/home/duy/projector_tracker/release/Makefile&quot;  VERBOSE=1 clean" />
         </MakeCommands>
      </Target>
      <Target title="test_node">
         <Option output="/home/duy/projector_tracker/release/test_node" prefix_auto="0" extension_auto="0" />
         <Option working_dir="/home/duy/projector_tracker/release" />
         <Option object_output="./" />
         <Option type="1" />
         <Option compiler="gcc" />
         <Compiler>
            <Add option="-DQT_NO_DEBUG" />
            <Add option="-DQT_GUI_LIB" />
            <Add option="-DQT_CORE_LIB" />
            <Add directory="/home/duy/projector_tracker/include" />
            <Add directory="/usr/include/qt4" />
            <Add directory="/usr/include/qt4/QtCore" />
            <Add directory="/usr/include/qt4/QtGui" />
            <Add directory="/usr/local/include" />
            <Add directory="/usr/local/include/opencv" />
         </Compiler>
         <MakeCommands>
            <Build command="/usr/bin/make -f &quot;/home/duy/projector_tracker/release/Makefile&quot;  VERBOSE=1 test_node" />
            <CompileFile command="/usr/bin/make -f &quot;/home/duy/projector_tracker/release/Makefile&quot;  VERBOSE=1 &quot;$file&quot;" />
            <Clean command="/usr/bin/make -f &quot;/home/duy/projector_tracker/release/Makefile&quot;  VERBOSE=1 clean" />
            <DistClean command="/usr/bin/make -f &quot;/home/duy/projector_tracker/release/Makefile&quot;  VERBOSE=1 clean" />
         </MakeCommands>
      </Target>
      <Target title="test_node/fast">
         <Option output="/home/duy/projector_tracker/release/test_node" prefix_auto="0" extension_auto="0" />
         <Option working_dir="/home/duy/projector_tracker/release" />
         <Option object_output="./" />
         <Option type="1" />
         <Option compiler="gcc" />
         <Compiler>
            <Add option="-DQT_NO_DEBUG" />
            <Add option="-DQT_GUI_LIB" />
            <Add option="-DQT_CORE_LIB" />
            <Add directory="/home/duy/projector_tracker/include" />
            <Add directory="/usr/include/qt4" />
            <Add directory="/usr/include/qt4/QtCore" />
            <Add directory="/usr/include/qt4/QtGui" />
            <Add directory="/usr/local/include" />
            <Add directory="/usr/local/include/opencv" />
         </Compiler>
         <MakeCommands>
            <Build command="/usr/bin/make -f &quot;/home/duy/projector_tracker/release/Makefile&quot;  VERBOSE=1 test_node/fast" />
            <CompileFile command="/usr/bin/make -f &quot;/home/duy/projector_tracker/release/Makefile&quot;  VERBOSE=1 &quot;$file&quot;" />
            <Clean command="/usr/bin/make -f &quot;/home/duy/projector_tracker/release/Makefile&quot;  VERBOSE=1 clean" />
            <DistClean command="/usr/bin/make -f &quot;/home/duy/projector_tracker/release/Makefile&quot;  VERBOSE=1 clean" />
         </MakeCommands>
      </Target>
      </Build>
      <Unit filename="/home/duy/projector_tracker/src/CameraInterface.cpp">
      </Unit>
      <Unit filename="/home/duy/projector_tracker/src/CameraProjectorInterface.cpp">
      </Unit>
      <Unit filename="/home/duy/projector_tracker/src/ImageLabel.cpp">
      </Unit>
      <Unit filename="/home/duy/projector_tracker/src/ProjectorInterface.cpp">
      </Unit>
      <Unit filename="/home/duy/projector_tracker/src/ProjectorTracker.cpp">
      </Unit>
      <Unit filename="/home/duy/projector_tracker/test/test.cpp">
      </Unit>
      <Unit filename="/home/duy/projector_tracker/CMakeLists.txt">
          <Option virtualFolder="CMake Files\" />
      </Unit>
      <Unit filename="/home/duy/projector_tracker/../../../usr/local/share/OpenCV/OpenCVConfig-version.cmake">
          <Option virtualFolder="CMake Files\..\..\..\usr\local\share\OpenCV\" />
      </Unit>
      <Unit filename="/home/duy/projector_tracker/../../../usr/local/share/OpenCV/OpenCVConfig.cmake">
          <Option virtualFolder="CMake Files\..\..\..\usr\local\share\OpenCV\" />
      </Unit>
      <Unit filename="/home/duy/projector_tracker/../../../usr/local/share/OpenCV/OpenCVModules.cmake">
          <Option virtualFolder="CMake Files\..\..\..\usr\local\share\OpenCV\" />
      </Unit>
      <Unit filename="/home/duy/projector_tracker/../../../usr/local/share/OpenCV/OpenCVModules-release.cmake">
          <Option virtualFolder="CMake Files\..\..\..\usr\local\share\OpenCV\" />
      </Unit>
   </Project>
</CodeBlocks_project_file>
